
Microsoft Visual Studio Solution File, Format Version 12.00
# Visual Studio Version 17
VisualStudioVersion = 17.6.33801.468
MinimumVisualStudioVersion = 10.0.40219.1
Project("{FAE04EC0-301F-11D3-BF4B-00C04F79EFBC}") = "PrimeiroProjetoWF", "PrimeiroProjetoWF\PrimeiroProjetoWF.csproj", "{C1E91EE0-D284-4AC3-BF93-6662FE058574}"
EndProject
Global
	GlobalSection(SolutionConfigurationPlatforms) = preSolution
		Debug|Any CPU = Debug|Any CPU
		Release|Any CPU = Release|Any CPU
	EndGlobalSection
	GlobalSection(ProjectConfigurationPlatforms) = postSolution
		{C1E91EE0-D284-4AC3-BF93-6662FE058574}.Debug|Any CPU.ActiveCfg = Debug|Any CPU
		{C1E91EE0-D284-4AC3-BF93-6662FE058574}.Debug|Any CPU.Build.0 = Debug|Any CPU
		{C1E91EE0-D284-4AC3-BF93-6662FE058574}.Release|Any CPU.ActiveCfg = Release|Any CPU
		{C1E91EE0-D284-4AC3-BF93-6662FE058574}.Release|Any CPU.Build.0 = Release|Any CPU
	EndGlobalSection
	GlobalSection(SolutionProperties) = preSolution
		HideSolutionNode = FALSE
	EndGlobalSection
	GlobalSection(ExtensibilityGlobals) = postSolution
		SolutionGuid = {24C917A7-2397-46AA-8962-8D6BDA545DC6}
	EndGlobalSection
EndGlobal
